
Microsoft Visual Studio Solution File, Format Version 12.00
# Visual Studio Version 17
VisualStudioVersion = 17.2.32422.2
MinimumVisualStudioVersion = 10.0.40219.1
Project("{9A19103F-16F7-4668-BE54-9A1E7A4F7556}") = "Enquiry.Web", "Enquiry.Web.csproj", "{1DC9662B-4B6B-46AC-BCAF-56BF83D78C80}"
EndProject
Global
	GlobalSection(SolutionConfigurationPlatforms) = preSolution
		Debug|Any CPU = Debug|Any CPU
		Release|Any CPU = Release|Any CPU
	EndGlobalSection
	GlobalSection(ProjectConfigurationPlatforms) = postSolution
		{1DC9662B-4B6B-46AC-BCAF-56BF83D78C80}.Debug|Any CPU.ActiveCfg = Debug|Any CPU
		{1DC9662B-4B6B-46AC-BCAF-56BF83D78C80}.Debug|Any CPU.Build.0 = Debug|Any CPU
		{1DC9662B-4B6B-46AC-BCAF-56BF83D78C80}.Release|Any CPU.ActiveCfg = Release|Any CPU
		{1DC9662B-4B6B-46AC-BCAF-56BF83D78C80}.Release|Any CPU.Build.0 = Release|Any CPU
	EndGlobalSection
	GlobalSection(SolutionProperties) = preSolution
		HideSolutionNode = FALSE
	EndGlobalSection
	GlobalSection(ExtensibilityGlobals) = postSolution
		SolutionGuid = {D2334797-36E5-4337-AB32-A648C1ECF624}
	EndGlobalSection
EndGlobal
